# This file is automatically @generated by Cargo.
# It is not intended for manual editing.
version = 4

[[package]]
name = "atlas-api"
version = "0.1.0"
dependencies = [
 "atlas-core",
 "atlas-infer",
 "atlas-json",
 "atlas-model",
 "atlas-tokenize",
]

[[package]]
name = "atlas-astra"
version = "0.1.0"
dependencies = [
 "atlas-bayes",
 "atlas-causal",
 "atlas-core",
 "atlas-http",
 "atlas-json",
 "atlas-palace",
 "atlas-zk",
]

[[package]]
name = "atlas-bayes"
version = "0.1.0"
dependencies = [
 "atlas-core",
]

[[package]]
name = "atlas-bridge"
version = "0.1.0"
dependencies = [
 "atlas-core",
 "atlas-zk",
]

[[package]]
name = "atlas-causal"
version = "0.1.0"
dependencies = [
 "atlas-bayes",
 "atlas-core",
]

[[package]]
name = "atlas-cli"
version = "0.1.0"
dependencies = [
 "atlas-api",
 "atlas-astra",
 "atlas-core",
 "atlas-corpus",
 "atlas-mcp",
 "atlas-model",
 "atlas-palace",
 "atlas-tokenize",
 "atlas-zk",
]

[[package]]
name = "atlas-core"
version = "0.1.0"

[[package]]
name = "atlas-corpus"
version = "0.1.0"
dependencies = [
 "atlas-astra",
 "atlas-core",
 "atlas-grad",
 "atlas-json",
 "atlas-model",
 "atlas-optim",
 "atlas-palace",
 "atlas-tensor",
 "atlas-trm",
 "atlas-zk",
]

[[package]]
name = "atlas-grad"
version = "0.1.0"
dependencies = [
 "atlas-core",
 "atlas-optim",
 "atlas-quant",
 "atlas-tensor",
]

[[package]]
name = "atlas-http"
version = "0.1.0"
dependencies = [
 "atlas-core",
]

[[package]]
name = "atlas-infer"
version = "0.1.0"
dependencies = [
 "atlas-core",
 "atlas-model",
 "atlas-tensor",
 "atlas-tokenize",
]

[[package]]
name = "atlas-json"
version = "0.1.0"
dependencies = [
 "atlas-core",
]

[[package]]
name = "atlas-mcp"
version = "0.1.0"
dependencies = [
 "atlas-core",
 "atlas-json",
 "atlas-palace",
]

[[package]]
name = "atlas-model"
version = "0.1.0"
dependencies = [
 "atlas-core",
 "atlas-json",
 "atlas-tensor",
 "atlas-tokenize",
]

[[package]]
name = "atlas-optim"
version = "0.1.0"
dependencies = [
 "atlas-core",
 "atlas-grad",
 "atlas-tensor",
]

[[package]]
name = "atlas-palace"
version = "0.1.0"
dependencies = [
 "atlas-core",
 "atlas-json",
]

[[package]]
name = "atlas-quant"
version = "0.1.0"
dependencies = [
 "atlas-core",
 "atlas-tensor",
]

[[package]]
name = "atlas-safety"
version = "0.1.0"
dependencies = [
 "atlas-core",
]

[[package]]
name = "atlas-tensor"
version = "0.1.0"
dependencies = [
 "atlas-core",
]

[[package]]
name = "atlas-tokenize"
version = "0.1.0"
dependencies = [
 "atlas-core",
 "atlas-json",
]

[[package]]
name = "atlas-trm"
version = "0.1.0"
dependencies = [
 "atlas-core",
]

[[package]]
name = "atlas-zk"
version = "0.1.0"
dependencies = [
 "atlas-core",
]

[[package]]
name = "opensesame-audio"
version = "0.1.0"
dependencies = [
 "atlas-core",
]

[[package]]
name = "opensesame-backbone"
version = "0.1.0"
dependencies = [
 "atlas-core",
 "atlas-grad",
 "atlas-model",
 "atlas-tensor",
 "atlas-tokenize",
 "opensesame-audio",
]

[[package]]
name = "opensesame-cli"
version = "0.1.0"
dependencies = [
 "atlas-cli",
 "atlas-core",
 "atlas-json",
 "opensesame-csm",
 "opensesame-data",
 "opensesame-eval",
 "opensesame-serve",
 "opensesame-train",
]

[[package]]
name = "opensesame-csm"
version = "0.1.0"
dependencies = [
 "atlas-core",
 "atlas-grad",
 "atlas-infer",
 "atlas-model",
 "atlas-tensor",
 "atlas-tokenize",
 "opensesame-audio",
 "opensesame-backbone",
 "opensesame-depformer",
 "opensesame-mimi",
]

[[package]]
name = "opensesame-data"
version = "0.1.0"
dependencies = [
 "atlas-core",
 "atlas-http",
 "atlas-json",
 "atlas-tensor",
 "atlas-tokenize",
 "opensesame-audio",
 "opensesame-mimi",
]

[[package]]
name = "opensesame-depformer"
version = "0.1.0"
dependencies = [
 "atlas-core",
 "atlas-grad",
 "atlas-model",
 "atlas-tensor",
 "opensesame-backbone",
]

[[package]]
name = "opensesame-eval"
version = "0.1.0"
dependencies = [
 "atlas-core",
 "atlas-tensor",
 "atlas-tokenize",
 "opensesame-audio",
 "opensesame-backbone",
 "opensesame-csm",
 "opensesame-mimi",
]

[[package]]
name = "opensesame-mimi"
version = "0.1.0"
dependencies = [
 "atlas-core",
 "atlas-grad",
 "atlas-json",
 "atlas-model",
 "atlas-tensor",
 "opensesame-audio",
 "opensesame-rvq",
 "opensesame-seanet",
]

[[package]]
name = "opensesame-rvq"
version = "0.1.0"
dependencies = [
 "atlas-core",
 "atlas-grad",
 "atlas-tensor",
 "opensesame-audio",
]

[[package]]
name = "opensesame-seanet"
version = "0.1.0"
dependencies = [
 "atlas-core",
 "atlas-grad",
 "atlas-tensor",
 "opensesame-audio",
]

[[package]]
name = "opensesame-serve"
version = "0.1.0"
dependencies = [
 "atlas-api",
 "atlas-core",
 "atlas-http",
 "opensesame-audio",
 "opensesame-csm",
 "opensesame-eval",
]

[[package]]
name = "opensesame-train"
version = "0.1.0"
dependencies = [
 "atlas-core",
 "atlas-corpus",
 "atlas-grad",
 "atlas-optim",
 "atlas-tensor",
 "opensesame-csm",
 "opensesame-data",
]
